
Microsoft Visual Studio Solution File, Format Version 12.00
# Visual Studio Version 17
VisualStudioVersion = 17.14.36109.1
MinimumVisualStudioVersion = 10.0.40219.1
Project("{FAE04EC0-301F-11D3-BF4B-00C04F79EFBC}") = "POO.Consola", "POO.Consola\POO.Consola.csproj", "{52ED406B-C6FE-405F-8B38-C3C5D9969A16}"
EndProject
Project("{2150E333-8FDC-42A3-9474-1A3956D46DE8}") = "POO1", "POO1", "{02EA681E-C7D8-13C7-8484-4AC65E1B71E8}"
EndProject
Project("{2150E333-8FDC-42A3-9474-1A3956D46DE8}") = "POO2-Campos", "POO2-Campos", "{51E43081-AA8A-4157-B225-9A4C334B293B}"
EndProject
Project("{FAE04EC0-301F-11D3-BF4B-00C04F79EFBC}") = "CamposPoo.Consola", "CamposPoo.Consola\CamposPoo.Consola.csproj", "{00772D89-DA32-47B2-936B-2B6ADA09893A}"
EndProject
Global
	GlobalSection(SolutionConfigurationPlatforms) = preSolution
		Debug|Any CPU = Debug|Any CPU
		Release|Any CPU = Release|Any CPU
	EndGlobalSection
	GlobalSection(ProjectConfigurationPlatforms) = postSolution
		{52ED406B-C6FE-405F-8B38-C3C5D9969A16}.Debug|Any CPU.ActiveCfg = Debug|Any CPU
		{52ED406B-C6FE-405F-8B38-C3C5D9969A16}.Debug|Any CPU.Build.0 = Debug|Any CPU
		{52ED406B-C6FE-405F-8B38-C3C5D9969A16}.Release|Any CPU.ActiveCfg = Release|Any CPU
		{52ED406B-C6FE-405F-8B38-C3C5D9969A16}.Release|Any CPU.Build.0 = Release|Any CPU
		{00772D89-DA32-47B2-936B-2B6ADA09893A}.Debug|Any CPU.ActiveCfg = Debug|Any CPU
		{00772D89-DA32-47B2-936B-2B6ADA09893A}.Debug|Any CPU.Build.0 = Debug|Any CPU
		{00772D89-DA32-47B2-936B-2B6ADA09893A}.Release|Any CPU.ActiveCfg = Release|Any CPU
		{00772D89-DA32-47B2-936B-2B6ADA09893A}.Release|Any CPU.Build.0 = Release|Any CPU
	EndGlobalSection
	GlobalSection(SolutionProperties) = preSolution
		HideSolutionNode = FALSE
	EndGlobalSection
	GlobalSection(NestedProjects) = preSolution
		{52ED406B-C6FE-405F-8B38-C3C5D9969A16} = {02EA681E-C7D8-13C7-8484-4AC65E1B71E8}
		{00772D89-DA32-47B2-936B-2B6ADA09893A} = {51E43081-AA8A-4157-B225-9A4C334B293B}
	EndGlobalSection
	GlobalSection(ExtensibilityGlobals) = postSolution
		SolutionGuid = {543779AB-6AE0-4A83-A5E4-DD1692146109}
	EndGlobalSection
EndGlobal
