
Microsoft Visual Studio Solution File, Format Version 12.00
# Visual Studio Version 17
VisualStudioVersion = 17.14.36109.1 d17.14
MinimumVisualStudioVersion = 10.0.40219.1
Project("{FAE04EC0-301F-11D3-BF4B-00C04F79EFBC}") = "POO.Consola", "POO.Consola\POO.Consola.csproj", "{52ED406B-C6FE-405F-8B38-C3C5D9969A16}"
EndProject
Global
	GlobalSection(SolutionConfigurationPlatforms) = preSolution
		Debug|Any CPU = Debug|Any CPU
		Release|Any CPU = Release|Any CPU
	EndGlobalSection
	GlobalSection(ProjectConfigurationPlatforms) = postSolution
		{52ED406B-C6FE-405F-8B38-C3C5D9969A16}.Debug|Any CPU.ActiveCfg = Debug|Any CPU
		{52ED406B-C6FE-405F-8B38-C3C5D9969A16}.Debug|Any CPU.Build.0 = Debug|Any CPU
		{52ED406B-C6FE-405F-8B38-C3C5D9969A16}.Release|Any CPU.ActiveCfg = Release|Any CPU
		{52ED406B-C6FE-405F-8B38-C3C5D9969A16}.Release|Any CPU.Build.0 = Release|Any CPU
	EndGlobalSection
	GlobalSection(SolutionProperties) = preSolution
		HideSolutionNode = FALSE
	EndGlobalSection
	GlobalSection(ExtensibilityGlobals) = postSolution
		SolutionGuid = {543779AB-6AE0-4A83-A5E4-DD1692146109}
	EndGlobalSection
EndGlobal
